// !$*UTF8*$!
{
	archiveVersion = 1;
	classes = {
	};
	objectVersion = 46;
	objects = {

/* Begin PBXBuildFile section */
		521499CA1F20CC60006E852A /* MenuController.swift in Sources */ = {isa = PBXBuildFile; fileRef = 521499C91F20CC60006E852A /* MenuController.swift */; };
		525968281F1E25C600A6B3A3 /* AppDelegate.swift in Sources */ = {isa = PBXBuildFile; fileRef = 525968271F1E25C600A6B3A3 /* AppDelegate.swift */; };
		5259682A1F1E25C600A6B3A3 /* ViewController.swift in Sources */ = {isa = PBXBuildFile; fileRef = 525968291F1E25C600A6B3A3 /* ViewController.swift */; };
		5259682D1F1E25C600A6B3A3 /* Main.storyboard in Resources */ = {isa = PBXBuildFile; fileRef = 5259682B1F1E25C600A6B3A3 /* Main.storyboard */; };
		5259682F1F1E25C600A6B3A3 /* Assets.xcassets in Resources */ = {isa = PBXBuildFile; fileRef = 5259682E1F1E25C600A6B3A3 /* Assets.xcassets */; };
		525968321F1E25C600A6B3A3 /* LaunchScreen.storyboard in Resources */ = {isa = PBXBuildFile; fileRef = 525968301F1E25C600A6B3A3 /* LaunchScreen.storyboard */; };
		5259683D1F1E25C600A6B3A3 /* ShootEmUpTests.swift in Sources */ = {isa = PBXBuildFile; fileRef = 5259683C1F1E25C600A6B3A3 /* ShootEmUpTests.swift */; };
		525968481F1E25C600A6B3A3 /* ShootEmUpUITests.swift in Sources */ = {isa = PBXBuildFile; fileRef = 525968471F1E25C600A6B3A3 /* ShootEmUpUITests.swift */; };
/* End PBXBuildFile section */

/* Begin PBXContainerItemProxy section */
		525968391F1E25C600A6B3A3 /* PBXContainerItemProxy */ = {
			isa = PBXContainerItemProxy;
			containerPortal = 5259681C1F1E25C600A6B3A3 /* Project object */;
			proxyType = 1;
			remoteGlobalIDString = 525968231F1E25C600A6B3A3;
			remoteInfo = ShootEmUp;
		};
		525968441F1E25C600A6B3A3 /* PBXContainerItemProxy */ = {
			isa = PBXContainerItemProxy;
			containerPortal = 5259681C1F1E25C600A6B3A3 /* Project object */;
			proxyType = 1;
			remoteGlobalIDString = 525968231F1E25C600A6B3A3;
			remoteInfo = ShootEmUp;
		};
/* End PBXContainerItemProxy section */

/* Begin PBXFileReference section */
		521499C91F20CC60006E852A /* MenuController.swift */ = {isa = PBXFileReference; fileEncoding = 4; lastKnownFileType = sourcecode.swift; path = MenuController.swift; sourceTree = "<group>"; };
		525968241F1E25C600A6B3A3 /* ShootEmUp.app */ = {isa = PBXFileReference; explicitFileType = wrapper.application; includeInIndex = 0; path = ShootEmUp.app; sourceTree = BUILT_PRODUCTS_DIR; };
		525968271F1E25C600A6B3A3 /* AppDelegate.swift */ = {isa = PBXFileReference; lastKnownFileType = sourcecode.swift; path = AppDelegate.swift; sourceTree = "<group>"; };
		525968291F1E25C600A6B3A3 /* ViewController.swift */ = {isa = PBXFileReference; lastKnownFileType = sourcecode.swift; path = ViewController.swift; sourceTree = "<group>"; };
		5259682C1F1E25C600A6B3A3 /* Base */ = {isa = PBXFileReference; lastKnownFileType = file.storyboard; name = Base; path = Base.lproj/Main.storyboard; sourceTree = "<group>"; };
		5259682E1F1E25C600A6B3A3 /* Assets.xcassets */ = {isa = PBXFileReference; lastKnownFileType = folder.assetcatalog; path = Assets.xcassets; sourceTree = "<group>"; };
		525968311F1E25C600A6B3A3 /* Base */ = {isa = PBXFileReference; lastKnownFileType = file.storyboard; name = Base; path = Base.lproj/LaunchScreen.storyboard; sourceTree = "<group>"; };
		525968331F1E25C600A6B3A3 /* Info.plist */ = {isa = PBXFileReference; lastKnownFileType = text.plist.xml; path = Info.plist; sourceTree = "<group>"; };
		525968381F1E25C600A6B3A3 /* ShootEmUpTests.xctest */ = {isa = PBXFileReference; explicitFileType = wrapper.cfbundle; includeInIndex = 0; path = ShootEmUpTests.xctest; sourceTree = BUILT_PRODUCTS_DIR; };
		5259683C1F1E25C600A6B3A3 /* ShootEmUpTests.swift */ = {isa = PBXFileReference; lastKnownFileType = sourcecode.swift; path = ShootEmUpTests.swift; sourceTree = "<group>"; };
		5259683E1F1E25C600A6B3A3 /* Info.plist */ = {isa = PBXFileReference; lastKnownFileType = text.plist.xml; path = Info.plist; sourceTree = "<group>"; };
		525968431F1E25C600A6B3A3 /* ShootEmUpUITests.xctest */ = {isa = PBXFileReference; explicitFileType = wrapper.cfbundle; includeInIndex = 0; path = ShootEmUpUITests.xctest; sourceTree = BUILT_PRODUCTS_DIR; };
		525968471F1E25C600A6B3A3 /* ShootEmUpUITests.swift */ = {isa = PBXFileReference; lastKnownFileType = sourcecode.swift; path = ShootEmUpUITests.swift; sourceTree = "<group>"; };
		525968491F1E25C600A6B3A3 /* Info.plist */ = {isa = PBXFileReference; lastKnownFileType = text.plist.xml; path = Info.plist; sourceTree = "<group>"; };
/* End PBXFileReference section */

/* Begin PBXFrameworksBuildPhase section */
		525968211F1E25C600A6B3A3 /* Frameworks */ = {
			isa = PBXFrameworksBuildPhase;
			buildActionMask = 2147483647;
			files = (
			);
			runOnlyForDeploymentPostprocessing = 0;
		};
		525968351F1E25C600A6B3A3 /* Frameworks */ = {
			isa = PBXFrameworksBuildPhase;
			buildActionMask = 2147483647;
			files = (
			);
			runOnlyForDeploymentPostprocessing = 0;
		};
		525968401F1E25C600A6B3A3 /* Frameworks */ = {
			isa = PBXFrameworksBuildPhase;
			buildActionMask = 2147483647;
			files = (
			);
			runOnlyForDeploymentPostprocessing = 0;
		};
/* End PBXFrameworksBuildPhase section */

/* Begin PBXGroup section */
		5259681B1F1E25C600A6B3A3 = {
			isa = PBXGroup;
			children = (
				525968261F1E25C600A6B3A3 /* ShootEmUp */,
				5259683B1F1E25C600A6B3A3 /* ShootEmUpTests */,
				525968461F1E25C600A6B3A3 /* ShootEmUpUITests */,
				525968251F1E25C600A6B3A3 /* Products */,
			);
			sourceTree = "<group>";
		};
		525968251F1E25C600A6B3A3 /* Products */ = {
			isa = PBXGroup;
			children = (
				525968241F1E25C600A6B3A3 /* ShootEmUp.app */,
				525968381F1E25C600A6B3A3 /* ShootEmUpTests.xctest */,
				525968431F1E25C600A6B3A3 /* ShootEmUpUITests.xctest */,
			);
			name = Products;
			sourceTree = "<group>";
		};
		525968261F1E25C600A6B3A3 /* ShootEmUp */ = {
			isa = PBXGroup;
			children = (
				525968271F1E25C600A6B3A3 /* AppDelegate.swift */,
				521499C91F20CC60006E852A /* MenuController.swift */,
				525968291F1E25C600A6B3A3 /* ViewController.swift */,
				5259682B1F1E25C600A6B3A3 /* Main.storyboard */,
				5259682E1F1E25C600A6B3A3 /* Assets.xcassets */,
				525968301F1E25C600A6B3A3 /* LaunchScreen.storyboard */,
				525968331F1E25C600A6B3A3 /* Info.plist */,
			);
			path = ShootEmUp;
			sourceTree = "<group>";
		};
		5259683B1F1E25C600A6B3A3 /* ShootEmUpTests */ = {
			isa = PBXGroup;
			children = (
				5259683C1F1E25C600A6B3A3 /* ShootEmUpTests.swift */,
				5259683E1F1E25C600A6B3A3 /* Info.plist */,
			);
			path = ShootEmUpTests;
			sourceTree = "<group>";
		};
		525968461F1E25C600A6B3A3 /* ShootEmUpUITests */ = {
			isa = PBXGroup;
			children = (
				525968471F1E25C600A6B3A3 /* ShootEmUpUITests.swift */,
				525968491F1E25C600A6B3A3 /* Info.plist */,
			);
			path = ShootEmUpUITests;
			sourceTree = "<group>";
		};
/* End PBXGroup section */

/* Begin PBXNativeTarget section */
		525968231F1E25C600A6B3A3 /* ShootEmUp */ = {
			isa = PBXNativeTarget;
			buildConfigurationList = 5259684C1F1E25C700A6B3A3 /* Build configuration list for PBXNativeTarget "ShootEmUp" */;
			buildPhases = (
				525968201F1E25C600A6B3A3 /* Sources */,
				525968211F1E25C600A6B3A3 /* Frameworks */,
				525968221F1E25C600A6B3A3 /* Resources */,
			);
			buildRules = (
			);
			dependencies = (
			);
			name = ShootEmUp;
			productName = ShootEmUp;
			productReference = 525968241F1E25C600A6B3A3 /* ShootEmUp.app */;
			productType = "com.apple.product-type.application";
		};
		525968371F1E25C600A6B3A3 /* ShootEmUpTests */ = {
			isa = PBXNativeTarget;
			buildConfigurationList = 5259684F1F1E25C700A6B3A3 /* Build configuration list for PBXNativeTarget "ShootEmUpTests" */;
			buildPhases = (
				525968341F1E25C600A6B3A3 /* Sources */,
				525968351F1E25C600A6B3A3 /* Frameworks */,
				525968361F1E25C600A6B3A3 /* Resources */,
			);
			buildRules = (
			);
			dependencies = (
				5259683A1F1E25C600A6B3A3 /* PBXTargetDependency */,
			);
			name = ShootEmUpTests;
			productName = ShootEmUpTests;
			productReference = 525968381F1E25C600A6B3A3 /* ShootEmUpTests.xctest */;
			productType = "com.apple.product-type.bundle.unit-test";
		};
		525968421F1E25C600A6B3A3 /* ShootEmUpUITests */ = {
			isa = PBXNativeTarget;
			buildConfigurationList = 525968521F1E25C700A6B3A3 /* Build configuration list for PBXNativeTarget "ShootEmUpUITests" */;
			buildPhases = (
				5259683F1F1E25C600A6B3A3 /* Sources */,
				525968401F1E25C600A6B3A3 /* Frameworks */,
				525968411F1E25C600A6B3A3 /* Resources */,
			);
			buildRules = (
			);
			dependencies = (
				525968451F1E25C600A6B3A3 /* PBXTargetDependency */,
			);
			name = ShootEmUpUITests;
			productName = ShootEmUpUITests;
			productReference = 525968431F1E25C600A6B3A3 /* ShootEmUpUITests.xctest */;
			productType = "com.apple.product-type.bundle.ui-testing";
		};
/* End PBXNativeTarget section */

/* Begin PBXProject section */
		5259681C1F1E25C600A6B3A3 /* Project object */ = {
			isa = PBXProject;
			attributes = {
				LastSwiftUpdateCheck = 0830;
				LastUpgradeCheck = 0830;
				ORGANIZATIONNAME = PrepETNA;
				TargetAttributes = {
					525968231F1E25C600A6B3A3 = {
						CreatedOnToolsVersion = 8.3.2;
						ProvisioningStyle = Automatic;
					};
					525968371F1E25C600A6B3A3 = {
						CreatedOnToolsVersion = 8.3.2;
						ProvisioningStyle = Automatic;
						TestTargetID = 525968231F1E25C600A6B3A3;
					};
					525968421F1E25C600A6B3A3 = {
						CreatedOnToolsVersion = 8.3.2;
						ProvisioningStyle = Automatic;
						TestTargetID = 525968231F1E25C600A6B3A3;
					};
				};
			};
			buildConfigurationList = 5259681F1F1E25C600A6B3A3 /* Build configuration list for PBXProject "ShootEmUp" */;
			compatibilityVersion = "Xcode 3.2";
			developmentRegion = English;
			hasScannedForEncodings = 0;
			knownRegions = (
				en,
				Base,
			);
			mainGroup = 5259681B1F1E25C600A6B3A3;
			productRefGroup = 525968251F1E25C600A6B3A3 /* Products */;
			projectDirPath = "";
			projectRoot = "";
			targets = (
				525968231F1E25C600A6B3A3 /* ShootEmUp */,
				525968371F1E25C600A6B3A3 /* ShootEmUpTests */,
				525968421F1E25C600A6B3A3 /* ShootEmUpUITests */,
			);
		};
/* End PBXProject section */

/* Begin PBXResourcesBuildPhase section */
		525968221F1E25C600A6B3A3 /* Resources */ = {
			isa = PBXResourcesBuildPhase;
			buildActionMask = 2147483647;
			files = (
				525968321F1E25C600A6B3A3 /* LaunchScreen.storyboard in Resources */,
				5259682F1F1E25C600A6B3A3 /* Assets.xcassets in Resources */,
				5259682D1F1E25C600A6B3A3 /* Main.storyboard in Resources */,
			);
			runOnlyForDeploymentPostprocessing = 0;
		};
		525968361F1E25C600A6B3A3 /* Resources */ = {
			isa = PBXResourcesBuildPhase;
			buildActionMask = 2147483647;
			files = (
			);
			runOnlyForDeploymentPostprocessing = 0;
		};
		525968411F1E25C600A6B3A3 /* Resources */ = {
			isa = PBXResourcesBuildPhase;
			buildActionMask = 2147483647;
			files = (
			);
			runOnlyForDeploymentPostprocessing = 0;
		};
/* End PBXResourcesBuildPhase section */

/* Begin PBXSourcesBuildPhase section */
		525968201F1E25C600A6B3A3 /* Sources */ = {
			isa = PBXSourcesBuildPhase;
			buildActionMask = 2147483647;
			files = (
				5259682A1F1E25C600A6B3A3 /* ViewController.swift in Sources */,
				521499CA1F20CC60006E852A /* MenuController.swift in Sources */,
				525968281F1E25C600A6B3A3 /* AppDelegate.swift in Sources */,
			);
			runOnlyForDeploymentPostprocessing = 0;
		};
		525968341F1E25C600A6B3A3 /* Sources */ = {
			isa = PBXSourcesBuildPhase;
			buildActionMask = 2147483647;
			files = (
				5259683D1F1E25C600A6B3A3 /* ShootEmUpTests.swift in Sources */,
			);
			runOnlyForDeploymentPostprocessing = 0;
		};
		5259683F1F1E25C600A6B3A3 /* Sources */ = {
			isa = PBXSourcesBuildPhase;
			buildActionMask = 2147483647;
			files = (
				525968481F1E25C600A6B3A3 /* ShootEmUpUITests.swift in Sources */,
			);
			runOnlyForDeploymentPostprocessing = 0;
		};
/* End PBXSourcesBuildPhase section */

/* Begin PBXTargetDependency section */
		5259683A1F1E25C600A6B3A3 /* PBXTargetDependency */ = {
			isa = PBXTargetDependency;
			target = 525968231F1E25C600A6B3A3 /* ShootEmUp */;
			targetProxy = 525968391F1E25C600A6B3A3 /* PBXContainerItemProxy */;
		};
		525968451F1E25C600A6B3A3 /* PBXTargetDependency */ = {
			isa = PBXTargetDependency;
			target = 525968231F1E25C600A6B3A3 /* ShootEmUp */;
			targetProxy = 525968441F1E25C600A6B3A3 /* PBXContainerItemProxy */;
		};
/* End PBXTargetDependency section */

/* Begin PBXVariantGroup section */
		5259682B1F1E25C600A6B3A3 /* Main.storyboard */ = {
			isa = PBXVariantGroup;
			children = (
				5259682C1F1E25C600A6B3A3 /* Base */,
			);
			name = Main.storyboard;
			sourceTree = "<group>";
		};
		525968301F1E25C600A6B3A3 /* LaunchScreen.storyboard */ = {
			isa = PBXVariantGroup;
			children = (
				525968311F1E25C600A6B3A3 /* Base */,
			);
			name = LaunchScreen.storyboard;
			sourceTree = "<group>";
		};
/* End PBXVariantGroup section */

/* Begin XCBuildConfiguration section */
		5259684A1F1E25C700A6B3A3 /* Debug */ = {
			isa = XCBuildConfiguration;
			buildSettings = {
				ALWAYS_SEARCH_USER_PATHS = NO;
				CLANG_ANALYZER_NONNULL = YES;
				CLANG_ANALYZER_NUMBER_OBJECT_CONVERSION = YES_AGGRESSIVE;
				CLANG_CXX_LANGUAGE_STANDARD = "gnu++0x";
				CLANG_CXX_LIBRARY = "libc++";
				CLANG_ENABLE_MODULES = YES;
				CLANG_ENABLE_OBJC_ARC = YES;
				CLANG_WARN_BOOL_CONVERSION = YES;
				CLANG_WARN_CONSTANT_CONVERSION = YES;
				CLANG_WARN_DIRECT_OBJC_ISA_USAGE = YES_ERROR;
				CLANG_WARN_DOCUMENTATION_COMMENTS = YES;
				CLANG_WARN_EMPTY_BODY = YES;
				CLANG_WARN_ENUM_CONVERSION = YES;
				CLANG_WARN_INFINITE_RECURSION = YES;
				CLANG_WARN_INT_CONVERSION = YES;
				CLANG_WARN_OBJC_ROOT_CLASS = YES_ERROR;
				CLANG_WARN_SUSPICIOUS_MOVE = YES;
				CLANG_WARN_UNREACHABLE_CODE = YES;
				CLANG_WARN__DUPLICATE_METHOD_MATCH = YES;
				"CODE_SIGN_IDENTITY[sdk=iphoneos*]" = "iPhone Developer";
				COPY_PHASE_STRIP = NO;
				DEBUG_INFORMATION_FORMAT = dwarf;
				ENABLE_STRICT_OBJC_MSGSEND = YES;
				ENABLE_TESTABILITY = YES;
				GCC_C_LANGUAGE_STANDARD = gnu99;
				GCC_DYNAMIC_NO_PIC = NO;
				GCC_NO_COMMON_BLOCKS = YES;
				GCC_OPTIMIZATION_LEVEL = 0;
				GCC_PREPROCESSOR_DEFINITIONS = (
					"DEBUG=1",
					"$(inherited)",
				);
				GCC_WARN_64_TO_32_BIT_CONVERSION = YES;
				GCC_WARN_ABOUT_RETURN_TYPE = YES_ERROR;
				GCC_WARN_UNDECLARED_SELECTOR = YES;
				GCC_WARN_UNINITIALIZED_AUTOS = YES_AGGRESSIVE;
				GCC_WARN_UNUSED_FUNCTION = YES;
				GCC_WARN_UNUSED_VARIABLE = YES;
				IPHONEOS_DEPLOYMENT_TARGET = 10.3;
				MTL_ENABLE_DEBUG_INFO = YES;
				ONLY_ACTIVE_ARCH = YES;
				SDKROOT = iphoneos;
				SWIFT_ACTIVE_COMPILATION_CONDITIONS = DEBUG;
				SWIFT_OPTIMIZATION_LEVEL = "-Onone";
				TARGETED_DEVICE_FAMILY = "1,2";
			};
			name = Debug;
		};
		5259684B1F1E25C700A6B3A3 /* Release */ = {
			isa = XCBuildConfiguration;
			buildSettings = {
				ALWAYS_SEARCH_USER_PATHS = NO;
				CLANG_ANALYZER_NONNULL = YES;
				CLANG_ANALYZER_NUMBER_OBJECT_CONVERSION = YES_AGGRESSIVE;
				CLANG_CXX_LANGUAGE_STANDARD = "gnu++0x";
				CLANG_CXX_LIBRARY = "libc++";
				CLANG_ENABLE_MODULES = YES;
				CLANG_ENABLE_OBJC_ARC = YES;
				CLANG_WARN_BOOL_CONVERSION = YES;
				CLANG_WARN_CONSTANT_CONVERSION = YES;
				CLANG_WARN_DIRECT_OBJC_ISA_USAGE = YES_ERROR;
				CLANG_WARN_DOCUMENTATION_COMMENTS = YES;
				CLANG_WARN_EMPTY_BODY = YES;
				CLANG_WARN_ENUM_CONVERSION = YES;
				CLANG_WARN_INFINITE_RECURSION = YES;
				CLANG_WARN_INT_CONVERSION = YES;
				CLANG_WARN_OBJC_ROOT_CLASS = YES_ERROR;
				CLANG_WARN_SUSPICIOUS_MOVE = YES;
				CLANG_WARN_UNREACHABLE_CODE = YES;
				CLANG_WARN__DUPLICATE_METHOD_MATCH = YES;
				"CODE_SIGN_IDENTITY[sdk=iphoneos*]" = "iPhone Developer";
				COPY_PHASE_STRIP = NO;
				DEBUG_INFORMATION_FORMAT = "dwarf-with-dsym";
				ENABLE_NS_ASSERTIONS = NO;
				ENABLE_STRICT_OBJC_MSGSEND = YES;
				GCC_C_LANGUAGE_STANDARD = gnu99;
				GCC_NO_COMMON_BLOCKS = YES;
				GCC_WARN_64_TO_32_BIT_CONVERSION = YES;
				GCC_WARN_ABOUT_RETURN_TYPE = YES_ERROR;
				GCC_WARN_UNDECLARED_SELECTOR = YES;
				GCC_WARN_UNINITIALIZED_AUTOS = YES_AGGRESSIVE;
				GCC_WARN_UNUSED_FUNCTION = YES;
				GCC_WARN_UNUSED_VARIABLE = YES;
				IPHONEOS_DEPLOYMENT_TARGET = 10.3;
				MTL_ENABLE_DEBUG_INFO = NO;
				SDKROOT = iphoneos;
				SWIFT_OPTIMIZATION_LEVEL = "-Owholemodule";
				TARGETED_DEVICE_FAMILY = "1,2";
				VALIDATE_PRODUCT = YES;
			};
			name = Release;
		};
		5259684D1F1E25C700A6B3A3 /* Debug */ = {
			isa = XCBuildConfiguration;
			buildSettings = {
				ASSETCATALOG_COMPILER_APPICON_NAME = AppIcon;
				INFOPLIST_FILE = ShootEmUp/Info.plist;
				LD_RUNPATH_SEARCH_PATHS = "$(inherited) @executable_path/Frameworks";
				PRODUCT_BUNDLE_IDENTIFIER = PrepEtna.ShootEmUp;
				PRODUCT_NAME = "$(TARGET_NAME)";
				SWIFT_VERSION = 3.0;
			};
			name = Debug;
		};
		5259684E1F1E25C700A6B3A3 /* Release */ = {
			isa = XCBuildConfiguration;
			buildSettings = {
				ASSETCATALOG_COMPILER_APPICON_NAME = AppIcon;
				INFOPLIST_FILE = ShootEmUp/Info.plist;
				LD_RUNPATH_SEARCH_PATHS = "$(inherited) @executable_path/Frameworks";
				PRODUCT_BUNDLE_IDENTIFIER = PrepEtna.ShootEmUp;
				PRODUCT_NAME = "$(TARGET_NAME)";
				SWIFT_VERSION = 3.0;
			};
			name = Release;
		};
		525968501F1E25C700A6B3A3 /* Debug */ = {
			isa = XCBuildConfiguration;
			buildSettings = {
				ALWAYS_EMBED_SWIFT_STANDARD_LIBRARIES = YES;
				BUNDLE_LOADER = "$(TEST_HOST)";
				INFOPLIST_FILE = ShootEmUpTests/Info.plist;
				LD_RUNPATH_SEARCH_PATHS = "$(inherited) @executable_path/Frameworks @loader_path/Frameworks";
				PRODUCT_BUNDLE_IDENTIFIER = PrepEtna.ShootEmUpTests;
				PRODUCT_NAME = "$(TARGET_NAME)";
				SWIFT_VERSION = 3.0;
				TEST_HOST = "$(BUILT_PRODUCTS_DIR)/ShootEmUp.app/ShootEmUp";
			};
			name = Debug;
		};
		525968511F1E25C700A6B3A3 /* Release */ = {
			isa = XCBuildConfiguration;
			buildSettings = {
				ALWAYS_EMBED_SWIFT_STANDARD_LIBRARIES = YES;
				BUNDLE_LOADER = "$(TEST_HOST)";
				INFOPLIST_FILE = ShootEmUpTests/Info.plist;
				LD_RUNPATH_SEARCH_PATHS = "$(inherited) @executable_path/Frameworks @loader_path/Frameworks";
				PRODUCT_BUNDLE_IDENTIFIER = PrepEtna.ShootEmUpTests;
				PRODUCT_NAME = "$(TARGET_NAME)";
				SWIFT_VERSION = 3.0;
				TEST_HOST = "$(BUILT_PRODUCTS_DIR)/ShootEmUp.app/ShootEmUp";
			};
			name = Release;
		};
		525968531F1E25C700A6B3A3 /* Debug */ = {
			isa = XCBuildConfiguration;
			buildSettings = {
				ALWAYS_EMBED_SWIFT_STANDARD_LIBRARIES = YES;
				INFOPLIST_FILE = ShootEmUpUITests/Info.plist;
				LD_RUNPATH_SEARCH_PATHS = "$(inherited) @executable_path/Frameworks @loader_path/Frameworks";
				PRODUCT_BUNDLE_IDENTIFIER = PrepEtna.ShootEmUpUITests;
				PRODUCT_NAME = "$(TARGET_NAME)";
				SWIFT_VERSION = 3.0;
				TEST_TARGET_NAME = ShootEmUp;
			};
			name = Debug;
		};
		525968541F1E25C700A6B3A3 /* Release */ = {
			isa = XCBuildConfiguration;
			buildSettings = {
				ALWAYS_EMBED_SWIFT_STANDARD_LIBRARIES = YES;
				INFOPLIST_FILE = ShootEmUpUITests/Info.plist;
				LD_RUNPATH_SEARCH_PATHS = "$(inherited) @executable_path/Frameworks @loader_path/Frameworks";
				PRODUCT_BUNDLE_IDENTIFIER = PrepEtna.ShootEmUpUITests;
				PRODUCT_NAME = "$(TARGET_NAME)";
				SWIFT_VERSION = 3.0;
				TEST_TARGET_NAME = ShootEmUp;
			};
			name = Release;
		};
/* End XCBuildConfiguration section */

/* Begin XCConfigurationList section */
		5259681F1F1E25C600A6B3A3 /* Build configuration list for PBXProject "ShootEmUp" */ = {
			isa = XCConfigurationList;
			buildConfigurations = (
				5259684A1F1E25C700A6B3A3 /* Debug */,
				5259684B1F1E25C700A6B3A3 /* Release */,
			);
			defaultConfigurationIsVisible = 0;
			defaultConfigurationName = Release;
		};
		5259684C1F1E25C700A6B3A3 /* Build configuration list for PBXNativeTarget "ShootEmUp" */ = {
			isa = XCConfigurationList;
			buildConfigurations = (
				5259684D1F1E25C700A6B3A3 /* Debug */,
				5259684E1F1E25C700A6B3A3 /* Release */,
			);
			defaultConfigurationIsVisible = 0;
			defaultConfigurationName = Release;
		};
		5259684F1F1E25C700A6B3A3 /* Build configuration list for PBXNativeTarget "ShootEmUpTests" */ = {
			isa = XCConfigurationList;
			buildConfigurations = (
				525968501F1E25C700A6B3A3 /* Debug */,
				525968511F1E25C700A6B3A3 /* Release */,
			);
			defaultConfigurationIsVisible = 0;
			defaultConfigurationName = Release;
		};
		525968521F1E25C700A6B3A3 /* Build configuration list for PBXNativeTarget "ShootEmUpUITests" */ = {
			isa = XCConfigurationList;
			buildConfigurations = (
				525968531F1E25C700A6B3A3 /* Debug */,
				525968541F1E25C700A6B3A3 /* Release */,
			);
			defaultConfigurationIsVisible = 0;
			defaultConfigurationName = Release;
		};
/* End XCConfigurationList section */
	};
	rootObject = 5259681C1F1E25C600A6B3A3 /* Project object */;
}
