// !$*UTF8*$!
{
	archiveVersion = 1;
	classes = {
	};
	objectVersion = 46;
	objects = {

/* Begin PBXBuildFile section */
		525968621F1E3B1B00A6B3A3 /* AppDelegate.swift in Sources */ = {isa = PBXBuildFile; fileRef = 525968611F1E3B1B00A6B3A3 /* AppDelegate.swift */; };
		525968641F1E3B1B00A6B3A3 /* ViewController.swift in Sources */ = {isa = PBXBuildFile; fileRef = 525968631F1E3B1B00A6B3A3 /* ViewController.swift */; };
		525968671F1E3B1B00A6B3A3 /* Main.storyboard in Resources */ = {isa = PBXBuildFile; fileRef = 525968651F1E3B1B00A6B3A3 /* Main.storyboard */; };
		525968691F1E3B1B00A6B3A3 /* Assets.xcassets in Resources */ = {isa = PBXBuildFile; fileRef = 525968681F1E3B1B00A6B3A3 /* Assets.xcassets */; };
		5259686C1F1E3B1B00A6B3A3 /* LaunchScreen.storyboard in Resources */ = {isa = PBXBuildFile; fileRef = 5259686A1F1E3B1B00A6B3A3 /* LaunchScreen.storyboard */; };
		525968771F1E3B1B00A6B3A3 /* ShootEmUpTests.swift in Sources */ = {isa = PBXBuildFile; fileRef = 525968761F1E3B1B00A6B3A3 /* ShootEmUpTests.swift */; };
		525968821F1E3B1B00A6B3A3 /* ShootEmUpUITests.swift in Sources */ = {isa = PBXBuildFile; fileRef = 525968811F1E3B1B00A6B3A3 /* ShootEmUpUITests.swift */; };
/* End PBXBuildFile section */

/* Begin PBXContainerItemProxy section */
		525968731F1E3B1B00A6B3A3 /* PBXContainerItemProxy */ = {
			isa = PBXContainerItemProxy;
			containerPortal = 525968561F1E3B1B00A6B3A3 /* Project object */;
			proxyType = 1;
			remoteGlobalIDString = 5259685D1F1E3B1B00A6B3A3;
			remoteInfo = ShootEmUp;
		};
		5259687E1F1E3B1B00A6B3A3 /* PBXContainerItemProxy */ = {
			isa = PBXContainerItemProxy;
			containerPortal = 525968561F1E3B1B00A6B3A3 /* Project object */;
			proxyType = 1;
			remoteGlobalIDString = 5259685D1F1E3B1B00A6B3A3;
			remoteInfo = ShootEmUp;
		};
/* End PBXContainerItemProxy section */

/* Begin PBXFileReference section */
		5259685E1F1E3B1B00A6B3A3 /* ShootEmUp.app */ = {isa = PBXFileReference; explicitFileType = wrapper.application; includeInIndex = 0; path = ShootEmUp.app; sourceTree = BUILT_PRODUCTS_DIR; };
		525968611F1E3B1B00A6B3A3 /* AppDelegate.swift */ = {isa = PBXFileReference; lastKnownFileType = sourcecode.swift; path = AppDelegate.swift; sourceTree = "<group>"; };
		525968631F1E3B1B00A6B3A3 /* ViewController.swift */ = {isa = PBXFileReference; lastKnownFileType = sourcecode.swift; path = ViewController.swift; sourceTree = "<group>"; };
		525968661F1E3B1B00A6B3A3 /* Base */ = {isa = PBXFileReference; lastKnownFileType = file.storyboard; name = Base; path = Base.lproj/Main.storyboard; sourceTree = "<group>"; };
		525968681F1E3B1B00A6B3A3 /* Assets.xcassets */ = {isa = PBXFileReference; lastKnownFileType = folder.assetcatalog; path = Assets.xcassets; sourceTree = "<group>"; };
		5259686B1F1E3B1B00A6B3A3 /* Base */ = {isa = PBXFileReference; lastKnownFileType = file.storyboard; name = Base; path = Base.lproj/LaunchScreen.storyboard; sourceTree = "<group>"; };
		5259686D1F1E3B1B00A6B3A3 /* Info.plist */ = {isa = PBXFileReference; lastKnownFileType = text.plist.xml; path = Info.plist; sourceTree = "<group>"; };
		525968721F1E3B1B00A6B3A3 /* ShootEmUpTests.xctest */ = {isa = PBXFileReference; explicitFileType = wrapper.cfbundle; includeInIndex = 0; path = ShootEmUpTests.xctest; sourceTree = BUILT_PRODUCTS_DIR; };
		525968761F1E3B1B00A6B3A3 /* ShootEmUpTests.swift */ = {isa = PBXFileReference; lastKnownFileType = sourcecode.swift; path = ShootEmUpTests.swift; sourceTree = "<group>"; };
		525968781F1E3B1B00A6B3A3 /* Info.plist */ = {isa = PBXFileReference; lastKnownFileType = text.plist.xml; path = Info.plist; sourceTree = "<group>"; };
		5259687D1F1E3B1B00A6B3A3 /* ShootEmUpUITests.xctest */ = {isa = PBXFileReference; explicitFileType = wrapper.cfbundle; includeInIndex = 0; path = ShootEmUpUITests.xctest; sourceTree = BUILT_PRODUCTS_DIR; };
		525968811F1E3B1B00A6B3A3 /* ShootEmUpUITests.swift */ = {isa = PBXFileReference; lastKnownFileType = sourcecode.swift; path = ShootEmUpUITests.swift; sourceTree = "<group>"; };
		525968831F1E3B1B00A6B3A3 /* Info.plist */ = {isa = PBXFileReference; lastKnownFileType = text.plist.xml; path = Info.plist; sourceTree = "<group>"; };
/* End PBXFileReference section */

/* Begin PBXFrameworksBuildPhase section */
		5259685B1F1E3B1B00A6B3A3 /* Frameworks */ = {
			isa = PBXFrameworksBuildPhase;
			buildActionMask = 2147483647;
			files = (
			);
			runOnlyForDeploymentPostprocessing = 0;
		};
		5259686F1F1E3B1B00A6B3A3 /* Frameworks */ = {
			isa = PBXFrameworksBuildPhase;
			buildActionMask = 2147483647;
			files = (
			);
			runOnlyForDeploymentPostprocessing = 0;
		};
		5259687A1F1E3B1B00A6B3A3 /* Frameworks */ = {
			isa = PBXFrameworksBuildPhase;
			buildActionMask = 2147483647;
			files = (
			);
			runOnlyForDeploymentPostprocessing = 0;
		};
/* End PBXFrameworksBuildPhase section */

/* Begin PBXGroup section */
		525968551F1E3B1B00A6B3A3 = {
			isa = PBXGroup;
			children = (
				525968601F1E3B1B00A6B3A3 /* ShootEmUp */,
				525968751F1E3B1B00A6B3A3 /* ShootEmUpTests */,
				525968801F1E3B1B00A6B3A3 /* ShootEmUpUITests */,
				5259685F1F1E3B1B00A6B3A3 /* Products */,
			);
			sourceTree = "<group>";
		};
		5259685F1F1E3B1B00A6B3A3 /* Products */ = {
			isa = PBXGroup;
			children = (
				5259685E1F1E3B1B00A6B3A3 /* ShootEmUp.app */,
				525968721F1E3B1B00A6B3A3 /* ShootEmUpTests.xctest */,
				5259687D1F1E3B1B00A6B3A3 /* ShootEmUpUITests.xctest */,
			);
			name = Products;
			sourceTree = "<group>";
		};
		525968601F1E3B1B00A6B3A3 /* ShootEmUp */ = {
			isa = PBXGroup;
			children = (
				525968611F1E3B1B00A6B3A3 /* AppDelegate.swift */,
				525968631F1E3B1B00A6B3A3 /* ViewController.swift */,
				525968651F1E3B1B00A6B3A3 /* Main.storyboard */,
				525968681F1E3B1B00A6B3A3 /* Assets.xcassets */,
				5259686A1F1E3B1B00A6B3A3 /* LaunchScreen.storyboard */,
				5259686D1F1E3B1B00A6B3A3 /* Info.plist */,
			);
			path = ShootEmUp;
			sourceTree = "<group>";
		};
		525968751F1E3B1B00A6B3A3 /* ShootEmUpTests */ = {
			isa = PBXGroup;
			children = (
				525968761F1E3B1B00A6B3A3 /* ShootEmUpTests.swift */,
				525968781F1E3B1B00A6B3A3 /* Info.plist */,
			);
			path = ShootEmUpTests;
			sourceTree = "<group>";
		};
		525968801F1E3B1B00A6B3A3 /* ShootEmUpUITests */ = {
			isa = PBXGroup;
			children = (
				525968811F1E3B1B00A6B3A3 /* ShootEmUpUITests.swift */,
				525968831F1E3B1B00A6B3A3 /* Info.plist */,
			);
			path = ShootEmUpUITests;
			sourceTree = "<group>";
		};
/* End PBXGroup section */

/* Begin PBXNativeTarget section */
		5259685D1F1E3B1B00A6B3A3 /* ShootEmUp */ = {
			isa = PBXNativeTarget;
			buildConfigurationList = 525968861F1E3B1B00A6B3A3 /* Build configuration list for PBXNativeTarget "ShootEmUp" */;
			buildPhases = (
				5259685A1F1E3B1B00A6B3A3 /* Sources */,
				5259685B1F1E3B1B00A6B3A3 /* Frameworks */,
				5259685C1F1E3B1B00A6B3A3 /* Resources */,
			);
			buildRules = (
			);
			dependencies = (
			);
			name = ShootEmUp;
			productName = ShootEmUp;
			productReference = 5259685E1F1E3B1B00A6B3A3 /* ShootEmUp.app */;
			productType = "com.apple.product-type.application";
		};
		525968711F1E3B1B00A6B3A3 /* ShootEmUpTests */ = {
			isa = PBXNativeTarget;
			buildConfigurationList = 525968891F1E3B1B00A6B3A3 /* Build configuration list for PBXNativeTarget "ShootEmUpTests" */;
			buildPhases = (
				5259686E1F1E3B1B00A6B3A3 /* Sources */,
				5259686F1F1E3B1B00A6B3A3 /* Frameworks */,
				525968701F1E3B1B00A6B3A3 /* Resources */,
			);
			buildRules = (
			);
			dependencies = (
				525968741F1E3B1B00A6B3A3 /* PBXTargetDependency */,
			);
			name = ShootEmUpTests;
			productName = ShootEmUpTests;
			productReference = 525968721F1E3B1B00A6B3A3 /* ShootEmUpTests.xctest */;
			productType = "com.apple.product-type.bundle.unit-test";
		};
		5259687C1F1E3B1B00A6B3A3 /* ShootEmUpUITests */ = {
			isa = PBXNativeTarget;
			buildConfigurationList = 5259688C1F1E3B1B00A6B3A3 /* Build configuration list for PBXNativeTarget "ShootEmUpUITests" */;
			buildPhases = (
				525968791F1E3B1B00A6B3A3 /* Sources */,
				5259687A1F1E3B1B00A6B3A3 /* Frameworks */,
				5259687B1F1E3B1B00A6B3A3 /* Resources */,
			);
			buildRules = (
			);
			dependencies = (
				5259687F1F1E3B1B00A6B3A3 /* PBXTargetDependency */,
			);
			name = ShootEmUpUITests;
			productName = ShootEmUpUITests;
			productReference = 5259687D1F1E3B1B00A6B3A3 /* ShootEmUpUITests.xctest */;
			productType = "com.apple.product-type.bundle.ui-testing";
		};
/* End PBXNativeTarget section */

/* Begin PBXProject section */
		525968561F1E3B1B00A6B3A3 /* Project object */ = {
			isa = PBXProject;
			attributes = {
				LastSwiftUpdateCheck = 0830;
				LastUpgradeCheck = 0830;
				ORGANIZATIONNAME = PrepETNA;
				TargetAttributes = {
					5259685D1F1E3B1B00A6B3A3 = {
						CreatedOnToolsVersion = 8.3.2;
						ProvisioningStyle = Automatic;
					};
					525968711F1E3B1B00A6B3A3 = {
						CreatedOnToolsVersion = 8.3.2;
						ProvisioningStyle = Automatic;
						TestTargetID = 5259685D1F1E3B1B00A6B3A3;
					};
					5259687C1F1E3B1B00A6B3A3 = {
						CreatedOnToolsVersion = 8.3.2;
						ProvisioningStyle = Automatic;
						TestTargetID = 5259685D1F1E3B1B00A6B3A3;
					};
				};
			};
			buildConfigurationList = 525968591F1E3B1B00A6B3A3 /* Build configuration list for PBXProject "ShootEmUp" */;
			compatibilityVersion = "Xcode 3.2";
			developmentRegion = English;
			hasScannedForEncodings = 0;
			knownRegions = (
				en,
				Base,
			);
			mainGroup = 525968551F1E3B1B00A6B3A3;
			productRefGroup = 5259685F1F1E3B1B00A6B3A3 /* Products */;
			projectDirPath = "";
			projectRoot = "";
			targets = (
				5259685D1F1E3B1B00A6B3A3 /* ShootEmUp */,
				525968711F1E3B1B00A6B3A3 /* ShootEmUpTests */,
				5259687C1F1E3B1B00A6B3A3 /* ShootEmUpUITests */,
			);
		};
/* End PBXProject section */

/* Begin PBXResourcesBuildPhase section */
		5259685C1F1E3B1B00A6B3A3 /* Resources */ = {
			isa = PBXResourcesBuildPhase;
			buildActionMask = 2147483647;
			files = (
				5259686C1F1E3B1B00A6B3A3 /* LaunchScreen.storyboard in Resources */,
				525968691F1E3B1B00A6B3A3 /* Assets.xcassets in Resources */,
				525968671F1E3B1B00A6B3A3 /* Main.storyboard in Resources */,
			);
			runOnlyForDeploymentPostprocessing = 0;
		};
		525968701F1E3B1B00A6B3A3 /* Resources */ = {
			isa = PBXResourcesBuildPhase;
			buildActionMask = 2147483647;
			files = (
			);
			runOnlyForDeploymentPostprocessing = 0;
		};
		5259687B1F1E3B1B00A6B3A3 /* Resources */ = {
			isa = PBXResourcesBuildPhase;
			buildActionMask = 2147483647;
			files = (
			);
			runOnlyForDeploymentPostprocessing = 0;
		};
/* End PBXResourcesBuildPhase section */

/* Begin PBXSourcesBuildPhase section */
		5259685A1F1E3B1B00A6B3A3 /* Sources */ = {
			isa = PBXSourcesBuildPhase;
			buildActionMask = 2147483647;
			files = (
				525968641F1E3B1B00A6B3A3 /* ViewController.swift in Sources */,
				525968621F1E3B1B00A6B3A3 /* AppDelegate.swift in Sources */,
			);
			runOnlyForDeploymentPostprocessing = 0;
		};
		5259686E1F1E3B1B00A6B3A3 /* Sources */ = {
			isa = PBXSourcesBuildPhase;
			buildActionMask = 2147483647;
			files = (
				525968771F1E3B1B00A6B3A3 /* ShootEmUpTests.swift in Sources */,
			);
			runOnlyForDeploymentPostprocessing = 0;
		};
		525968791F1E3B1B00A6B3A3 /* Sources */ = {
			isa = PBXSourcesBuildPhase;
			buildActionMask = 2147483647;
			files = (
				525968821F1E3B1B00A6B3A3 /* ShootEmUpUITests.swift in Sources */,
			);
			runOnlyForDeploymentPostprocessing = 0;
		};
/* End PBXSourcesBuildPhase section */

/* Begin PBXTargetDependency section */
		525968741F1E3B1B00A6B3A3 /* PBXTargetDependency */ = {
			isa = PBXTargetDependency;
			target = 5259685D1F1E3B1B00A6B3A3 /* ShootEmUp */;
			targetProxy = 525968731F1E3B1B00A6B3A3 /* PBXContainerItemProxy */;
		};
		5259687F1F1E3B1B00A6B3A3 /* PBXTargetDependency */ = {
			isa = PBXTargetDependency;
			target = 5259685D1F1E3B1B00A6B3A3 /* ShootEmUp */;
			targetProxy = 5259687E1F1E3B1B00A6B3A3 /* PBXContainerItemProxy */;
		};
/* End PBXTargetDependency section */

/* Begin PBXVariantGroup section */
		525968651F1E3B1B00A6B3A3 /* Main.storyboard */ = {
			isa = PBXVariantGroup;
			children = (
				525968661F1E3B1B00A6B3A3 /* Base */,
			);
			name = Main.storyboard;
			sourceTree = "<group>";
		};
		5259686A1F1E3B1B00A6B3A3 /* LaunchScreen.storyboard */ = {
			isa = PBXVariantGroup;
			children = (
				5259686B1F1E3B1B00A6B3A3 /* Base */,
			);
			name = LaunchScreen.storyboard;
			sourceTree = "<group>";
		};
/* End PBXVariantGroup section */

/* Begin XCBuildConfiguration section */
		525968841F1E3B1B00A6B3A3 /* Debug */ = {
			isa = XCBuildConfiguration;
			buildSettings = {
				ALWAYS_SEARCH_USER_PATHS = NO;
				CLANG_ANALYZER_NONNULL = YES;
				CLANG_ANALYZER_NUMBER_OBJECT_CONVERSION = YES_AGGRESSIVE;
				CLANG_CXX_LANGUAGE_STANDARD = "gnu++0x";
				CLANG_CXX_LIBRARY = "libc++";
				CLANG_ENABLE_MODULES = YES;
				CLANG_ENABLE_OBJC_ARC = YES;
				CLANG_WARN_BOOL_CONVERSION = YES;
				CLANG_WARN_CONSTANT_CONVERSION = YES;
				CLANG_WARN_DIRECT_OBJC_ISA_USAGE = YES_ERROR;
				CLANG_WARN_DOCUMENTATION_COMMENTS = YES;
				CLANG_WARN_EMPTY_BODY = YES;
				CLANG_WARN_ENUM_CONVERSION = YES;
				CLANG_WARN_INFINITE_RECURSION = YES;
				CLANG_WARN_INT_CONVERSION = YES;
				CLANG_WARN_OBJC_ROOT_CLASS = YES_ERROR;
				CLANG_WARN_SUSPICIOUS_MOVE = YES;
				CLANG_WARN_UNREACHABLE_CODE = YES;
				CLANG_WARN__DUPLICATE_METHOD_MATCH = YES;
				"CODE_SIGN_IDENTITY[sdk=iphoneos*]" = "iPhone Developer";
				COPY_PHASE_STRIP = NO;
				DEBUG_INFORMATION_FORMAT = dwarf;
				ENABLE_STRICT_OBJC_MSGSEND = YES;
				ENABLE_TESTABILITY = YES;
				GCC_C_LANGUAGE_STANDARD = gnu99;
				GCC_DYNAMIC_NO_PIC = NO;
				GCC_NO_COMMON_BLOCKS = YES;
				GCC_OPTIMIZATION_LEVEL = 0;
				GCC_PREPROCESSOR_DEFINITIONS = (
					"DEBUG=1",
					"$(inherited)",
				);
				GCC_WARN_64_TO_32_BIT_CONVERSION = YES;
				GCC_WARN_ABOUT_RETURN_TYPE = YES_ERROR;
				GCC_WARN_UNDECLARED_SELECTOR = YES;
				GCC_WARN_UNINITIALIZED_AUTOS = YES_AGGRESSIVE;
				GCC_WARN_UNUSED_FUNCTION = YES;
				GCC_WARN_UNUSED_VARIABLE = YES;
				IPHONEOS_DEPLOYMENT_TARGET = 10.3;
				MTL_ENABLE_DEBUG_INFO = YES;
				ONLY_ACTIVE_ARCH = YES;
				SDKROOT = iphoneos;
				SWIFT_ACTIVE_COMPILATION_CONDITIONS = DEBUG;
				SWIFT_OPTIMIZATION_LEVEL = "-Onone";
				TARGETED_DEVICE_FAMILY = "1,2";
			};
			name = Debug;
		};
		525968851F1E3B1B00A6B3A3 /* Release */ = {
			isa = XCBuildConfiguration;
			buildSettings = {
				ALWAYS_SEARCH_USER_PATHS = NO;
				CLANG_ANALYZER_NONNULL = YES;
				CLANG_ANALYZER_NUMBER_OBJECT_CONVERSION = YES_AGGRESSIVE;
				CLANG_CXX_LANGUAGE_STANDARD = "gnu++0x";
				CLANG_CXX_LIBRARY = "libc++";
				CLANG_ENABLE_MODULES = YES;
				CLANG_ENABLE_OBJC_ARC = YES;
				CLANG_WARN_BOOL_CONVERSION = YES;
				CLANG_WARN_CONSTANT_CONVERSION = YES;
				CLANG_WARN_DIRECT_OBJC_ISA_USAGE = YES_ERROR;
				CLANG_WARN_DOCUMENTATION_COMMENTS = YES;
				CLANG_WARN_EMPTY_BODY = YES;
				CLANG_WARN_ENUM_CONVERSION = YES;
				CLANG_WARN_INFINITE_RECURSION = YES;
				CLANG_WARN_INT_CONVERSION = YES;
				CLANG_WARN_OBJC_ROOT_CLASS = YES_ERROR;
				CLANG_WARN_SUSPICIOUS_MOVE = YES;
				CLANG_WARN_UNREACHABLE_CODE = YES;
				CLANG_WARN__DUPLICATE_METHOD_MATCH = YES;
				"CODE_SIGN_IDENTITY[sdk=iphoneos*]" = "iPhone Developer";
				COPY_PHASE_STRIP = NO;
				DEBUG_INFORMATION_FORMAT = "dwarf-with-dsym";
				ENABLE_NS_ASSERTIONS = NO;
				ENABLE_STRICT_OBJC_MSGSEND = YES;
				GCC_C_LANGUAGE_STANDARD = gnu99;
				GCC_NO_COMMON_BLOCKS = YES;
				GCC_WARN_64_TO_32_BIT_CONVERSION = YES;
				GCC_WARN_ABOUT_RETURN_TYPE = YES_ERROR;
				GCC_WARN_UNDECLARED_SELECTOR = YES;
				GCC_WARN_UNINITIALIZED_AUTOS = YES_AGGRESSIVE;
				GCC_WARN_UNUSED_FUNCTION = YES;
				GCC_WARN_UNUSED_VARIABLE = YES;
				IPHONEOS_DEPLOYMENT_TARGET = 10.3;
				MTL_ENABLE_DEBUG_INFO = NO;
				SDKROOT = iphoneos;
				SWIFT_OPTIMIZATION_LEVEL = "-Owholemodule";
				TARGETED_DEVICE_FAMILY = "1,2";
				VALIDATE_PRODUCT = YES;
			};
			name = Release;
		};
		525968871F1E3B1B00A6B3A3 /* Debug */ = {
			isa = XCBuildConfiguration;
			buildSettings = {
				ASSETCATALOG_COMPILER_APPICON_NAME = AppIcon;
				INFOPLIST_FILE = ShootEmUp/Info.plist;
				LD_RUNPATH_SEARCH_PATHS = "$(inherited) @executable_path/Frameworks";
				PRODUCT_BUNDLE_IDENTIFIER = PrepEtna.ShootEmUp;
				PRODUCT_NAME = "$(TARGET_NAME)";
				SWIFT_VERSION = 3.0;
			};
			name = Debug;
		};
		525968881F1E3B1B00A6B3A3 /* Release */ = {
			isa = XCBuildConfiguration;
			buildSettings = {
				ASSETCATALOG_COMPILER_APPICON_NAME = AppIcon;
				INFOPLIST_FILE = ShootEmUp/Info.plist;
				LD_RUNPATH_SEARCH_PATHS = "$(inherited) @executable_path/Frameworks";
				PRODUCT_BUNDLE_IDENTIFIER = PrepEtna.ShootEmUp;
				PRODUCT_NAME = "$(TARGET_NAME)";
				SWIFT_VERSION = 3.0;
			};
			name = Release;
		};
		5259688A1F1E3B1B00A6B3A3 /* Debug */ = {
			isa = XCBuildConfiguration;
			buildSettings = {
				ALWAYS_EMBED_SWIFT_STANDARD_LIBRARIES = YES;
				BUNDLE_LOADER = "$(TEST_HOST)";
				INFOPLIST_FILE = ShootEmUpTests/Info.plist;
				LD_RUNPATH_SEARCH_PATHS = "$(inherited) @executable_path/Frameworks @loader_path/Frameworks";
				PRODUCT_BUNDLE_IDENTIFIER = PrepEtna.ShootEmUpTests;
				PRODUCT_NAME = "$(TARGET_NAME)";
				SWIFT_VERSION = 3.0;
				TEST_HOST = "$(BUILT_PRODUCTS_DIR)/ShootEmUp.app/ShootEmUp";
			};
			name = Debug;
		};
		5259688B1F1E3B1B00A6B3A3 /* Release */ = {
			isa = XCBuildConfiguration;
			buildSettings = {
				ALWAYS_EMBED_SWIFT_STANDARD_LIBRARIES = YES;
				BUNDLE_LOADER = "$(TEST_HOST)";
				INFOPLIST_FILE = ShootEmUpTests/Info.plist;
				LD_RUNPATH_SEARCH_PATHS = "$(inherited) @executable_path/Frameworks @loader_path/Frameworks";
				PRODUCT_BUNDLE_IDENTIFIER = PrepEtna.ShootEmUpTests;
				PRODUCT_NAME = "$(TARGET_NAME)";
				SWIFT_VERSION = 3.0;
				TEST_HOST = "$(BUILT_PRODUCTS_DIR)/ShootEmUp.app/ShootEmUp";
			};
			name = Release;
		};
		5259688D1F1E3B1B00A6B3A3 /* Debug */ = {
			isa = XCBuildConfiguration;
			buildSettings = {
				ALWAYS_EMBED_SWIFT_STANDARD_LIBRARIES = YES;
				INFOPLIST_FILE = ShootEmUpUITests/Info.plist;
				LD_RUNPATH_SEARCH_PATHS = "$(inherited) @executable_path/Frameworks @loader_path/Frameworks";
				PRODUCT_BUNDLE_IDENTIFIER = PrepEtna.ShootEmUpUITests;
				PRODUCT_NAME = "$(TARGET_NAME)";
				SWIFT_VERSION = 3.0;
				TEST_TARGET_NAME = ShootEmUp;
			};
			name = Debug;
		};
		5259688E1F1E3B1B00A6B3A3 /* Release */ = {
			isa = XCBuildConfiguration;
			buildSettings = {
				ALWAYS_EMBED_SWIFT_STANDARD_LIBRARIES = YES;
				INFOPLIST_FILE = ShootEmUpUITests/Info.plist;
				LD_RUNPATH_SEARCH_PATHS = "$(inherited) @executable_path/Frameworks @loader_path/Frameworks";
				PRODUCT_BUNDLE_IDENTIFIER = PrepEtna.ShootEmUpUITests;
				PRODUCT_NAME = "$(TARGET_NAME)";
				SWIFT_VERSION = 3.0;
				TEST_TARGET_NAME = ShootEmUp;
			};
			name = Release;
		};
/* End XCBuildConfiguration section */

/* Begin XCConfigurationList section */
		525968591F1E3B1B00A6B3A3 /* Build configuration list for PBXProject "ShootEmUp" */ = {
			isa = XCConfigurationList;
			buildConfigurations = (
				525968841F1E3B1B00A6B3A3 /* Debug */,
				525968851F1E3B1B00A6B3A3 /* Release */,
			);
			defaultConfigurationIsVisible = 0;
			defaultConfigurationName = Release;
		};
		525968861F1E3B1B00A6B3A3 /* Build configuration list for PBXNativeTarget "ShootEmUp" */ = {
			isa = XCConfigurationList;
			buildConfigurations = (
				525968871F1E3B1B00A6B3A3 /* Debug */,
				525968881F1E3B1B00A6B3A3 /* Release */,
			);
			defaultConfigurationIsVisible = 0;
		};
		525968891F1E3B1B00A6B3A3 /* Build configuration list for PBXNativeTarget "ShootEmUpTests" */ = {
			isa = XCConfigurationList;
			buildConfigurations = (
				5259688A1F1E3B1B00A6B3A3 /* Debug */,
				5259688B1F1E3B1B00A6B3A3 /* Release */,
			);
			defaultConfigurationIsVisible = 0;
		};
		5259688C1F1E3B1B00A6B3A3 /* Build configuration list for PBXNativeTarget "ShootEmUpUITests" */ = {
			isa = XCConfigurationList;
			buildConfigurations = (
				5259688D1F1E3B1B00A6B3A3 /* Debug */,
				5259688E1F1E3B1B00A6B3A3 /* Release */,
			);
			defaultConfigurationIsVisible = 0;
		};
/* End XCConfigurationList section */
	};
	rootObject = 525968561F1E3B1B00A6B3A3 /* Project object */;
}
